// !$*UTF8*$!
{
	archiveVersion = 1;
	classes = {
	};
	objectVersion = 56;
	objects = {

/* Begin PBXBuildFile section */
		FC49D26B2A7A3B51001CE261 /* AppDelegate.swift in Sources */ = {isa = PBXBuildFile; fileRef = FC49D26A2A7A3B51001CE261 /* AppDelegate.swift */; };
		FC49D26D2A7A3B51001CE261 /* ViewController.swift in Sources */ = {isa = PBXBuildFile; fileRef = FC49D26C2A7A3B51001CE261 /* ViewController.swift */; };
		FC49D2722A7A3B51001CE261 /* Main.storyboard in Resources */ = {isa = PBXBuildFile; fileRef = FC49D2702A7A3B51001CE261 /* Main.storyboard */; };
		FC49D2742A7A3B52001CE261 /* Assets.xcassets in Resources */ = {isa = PBXBuildFile; fileRef = FC49D2732A7A3B52001CE261 /* Assets.xcassets */; };
		FC49D2772A7A3B52001CE261 /* LaunchScreen.storyboard in Resources */ = {isa = PBXBuildFile; fileRef = FC49D2752A7A3B52001CE261 /* LaunchScreen.storyboard */; };
		FC49D27E2A7A41F2001CE261 /* sneaker_pegasustrail.usdz in Resources */ = {isa = PBXBuildFile; fileRef = FC49D27D2A7A41F2001CE261 /* sneaker_pegasustrail.usdz */; };
		FC49D2802A7A4510001CE261 /* toy_biplane_idle.usdz in Resources */ = {isa = PBXBuildFile; fileRef = FC49D27F2A7A4510001CE261 /* toy_biplane_idle.usdz */; };
		FC49D2822A7A4589001CE261 /* toy_drummer_idle.usdz in Resources */ = {isa = PBXBuildFile; fileRef = FC49D2812A7A4589001CE261 /* toy_drummer_idle.usdz */; };
		FC49D2842A7A45C0001CE261 /* pie_lemon_meringue.usdz in Resources */ = {isa = PBXBuildFile; fileRef = FC49D2832A7A45C0001CE261 /* pie_lemon_meringue.usdz */; };
		FC49D2862A7A45EF001CE261 /* tv_retro.usdz in Resources */ = {isa = PBXBuildFile; fileRef = FC49D2852A7A45EF001CE261 /* tv_retro.usdz */; };
		FC49D2882A7A4616001CE261 /* fender_stratocaster.usdz in Resources */ = {isa = PBXBuildFile; fileRef = FC49D2872A7A4616001CE261 /* fender_stratocaster.usdz */; };
		FC49D28A2A7A4638001CE261 /* gramophone.usdz in Resources */ = {isa = PBXBuildFile; fileRef = FC49D2892A7A4638001CE261 /* gramophone.usdz */; };
		FC49D28C2A7A4652001CE261 /* flower_tulip.usdz in Resources */ = {isa = PBXBuildFile; fileRef = FC49D28B2A7A4652001CE261 /* flower_tulip.usdz */; };
/* End PBXBuildFile section */

/* Begin PBXFileReference section */
		FC49D2672A7A3B51001CE261 /* CardFlipGame.app */ = {isa = PBXFileReference; explicitFileType = wrapper.application; includeInIndex = 0; path = CardFlipGame.app; sourceTree = BUILT_PRODUCTS_DIR; };
		FC49D26A2A7A3B51001CE261 /* AppDelegate.swift */ = {isa = PBXFileReference; lastKnownFileType = sourcecode.swift; path = AppDelegate.swift; sourceTree = "<group>"; };
		FC49D26C2A7A3B51001CE261 /* ViewController.swift */ = {isa = PBXFileReference; lastKnownFileType = sourcecode.swift; path = ViewController.swift; sourceTree = "<group>"; };
		FC49D2712A7A3B51001CE261 /* Base */ = {isa = PBXFileReference; lastKnownFileType = file.storyboard; name = Base; path = Base.lproj/Main.storyboard; sourceTree = "<group>"; };
		FC49D2732A7A3B52001CE261 /* Assets.xcassets */ = {isa = PBXFileReference; lastKnownFileType = folder.assetcatalog; path = Assets.xcassets; sourceTree = "<group>"; };
		FC49D2762A7A3B52001CE261 /* Base */ = {isa = PBXFileReference; lastKnownFileType = file.storyboard; name = Base; path = Base.lproj/LaunchScreen.storyboard; sourceTree = "<group>"; };
		FC49D27D2A7A41F2001CE261 /* sneaker_pegasustrail.usdz */ = {isa = PBXFileReference; lastKnownFileType = file.usdz; path = sneaker_pegasustrail.usdz; sourceTree = "<group>"; };
		FC49D27F2A7A4510001CE261 /* toy_biplane_idle.usdz */ = {isa = PBXFileReference; lastKnownFileType = file.usdz; path = toy_biplane_idle.usdz; sourceTree = "<group>"; };
		FC49D2812A7A4589001CE261 /* toy_drummer_idle.usdz */ = {isa = PBXFileReference; lastKnownFileType = file.usdz; path = toy_drummer_idle.usdz; sourceTree = "<group>"; };
		FC49D2832A7A45C0001CE261 /* pie_lemon_meringue.usdz */ = {isa = PBXFileReference; lastKnownFileType = file.usdz; path = pie_lemon_meringue.usdz; sourceTree = "<group>"; };
		FC49D2852A7A45EF001CE261 /* tv_retro.usdz */ = {isa = PBXFileReference; lastKnownFileType = file.usdz; path = tv_retro.usdz; sourceTree = "<group>"; };
		FC49D2872A7A4616001CE261 /* fender_stratocaster.usdz */ = {isa = PBXFileReference; lastKnownFileType = file.usdz; path = fender_stratocaster.usdz; sourceTree = "<group>"; };
		FC49D2892A7A4638001CE261 /* gramophone.usdz */ = {isa = PBXFileReference; lastKnownFileType = file.usdz; path = gramophone.usdz; sourceTree = "<group>"; };
		FC49D28B2A7A4652001CE261 /* flower_tulip.usdz */ = {isa = PBXFileReference; lastKnownFileType = file.usdz; path = flower_tulip.usdz; sourceTree = "<group>"; };
/* End PBXFileReference section */

/* Begin PBXFrameworksBuildPhase section */
		FC49D2642A7A3B51001CE261 /* Frameworks */ = {
			isa = PBXFrameworksBuildPhase;
			buildActionMask = 2147483647;
			files = (
			);
			runOnlyForDeploymentPostprocessing = 0;
		};
/* End PBXFrameworksBuildPhase section */

/* Begin PBXGroup section */
		FC49D25E2A7A3B51001CE261 = {
			isa = PBXGroup;
			children = (
				FC49D2692A7A3B51001CE261 /* CardFlipGame */,
				FC49D2682A7A3B51001CE261 /* Products */,
			);
			sourceTree = "<group>";
		};
		FC49D2682A7A3B51001CE261 /* Products */ = {
			isa = PBXGroup;
			children = (
				FC49D2672A7A3B51001CE261 /* CardFlipGame.app */,
			);
			name = Products;
			sourceTree = "<group>";
		};
		FC49D2692A7A3B51001CE261 /* CardFlipGame */ = {
			isa = PBXGroup;
			children = (
				FC49D26A2A7A3B51001CE261 /* AppDelegate.swift */,
				FC49D26C2A7A3B51001CE261 /* ViewController.swift */,
				FC49D2702A7A3B51001CE261 /* Main.storyboard */,
				FC49D27D2A7A41F2001CE261 /* sneaker_pegasustrail.usdz */,
				FC49D27F2A7A4510001CE261 /* toy_biplane_idle.usdz */,
				FC49D2812A7A4589001CE261 /* toy_drummer_idle.usdz */,
				FC49D2832A7A45C0001CE261 /* pie_lemon_meringue.usdz */,
				FC49D2852A7A45EF001CE261 /* tv_retro.usdz */,
				FC49D2872A7A4616001CE261 /* fender_stratocaster.usdz */,
				FC49D2892A7A4638001CE261 /* gramophone.usdz */,
				FC49D28B2A7A4652001CE261 /* flower_tulip.usdz */,
				FC49D2732A7A3B52001CE261 /* Assets.xcassets */,
				FC49D2752A7A3B52001CE261 /* LaunchScreen.storyboard */,
			);
			path = CardFlipGame;
			sourceTree = "<group>";
		};
/* End PBXGroup section */

/* Begin PBXNativeTarget section */
		FC49D2662A7A3B51001CE261 /* CardFlipGame */ = {
			isa = PBXNativeTarget;
			buildConfigurationList = FC49D27A2A7A3B52001CE261 /* Build configuration list for PBXNativeTarget "CardFlipGame" */;
			buildPhases = (
				FC49D2632A7A3B51001CE261 /* Sources */,
				FC49D2642A7A3B51001CE261 /* Frameworks */,
				FC49D2652A7A3B51001CE261 /* Resources */,
			);
			buildRules = (
			);
			dependencies = (
			);
			name = CardFlipGame;
			productName = CardFlipGame;
			productReference = FC49D2672A7A3B51001CE261 /* CardFlipGame.app */;
			productType = "com.apple.product-type.application";
		};
/* End PBXNativeTarget section */

/* Begin PBXProject section */
		FC49D25F2A7A3B51001CE261 /* Project object */ = {
			isa = PBXProject;
			attributes = {
				BuildIndependentTargetsInParallel = 1;
				LastSwiftUpdateCheck = 1430;
				LastUpgradeCheck = 1430;
				TargetAttributes = {
					FC49D2662A7A3B51001CE261 = {
						CreatedOnToolsVersion = 14.3.1;
					};
				};
			};
			buildConfigurationList = FC49D2622A7A3B51001CE261 /* Build configuration list for PBXProject "CardFlipGame" */;
			compatibilityVersion = "Xcode 14.0";
			developmentRegion = en;
			hasScannedForEncodings = 0;
			knownRegions = (
				en,
				Base,
			);
			mainGroup = FC49D25E2A7A3B51001CE261;
			productRefGroup = FC49D2682A7A3B51001CE261 /* Products */;
			projectDirPath = "";
			projectRoot = "";
			targets = (
				FC49D2662A7A3B51001CE261 /* CardFlipGame */,
			);
		};
/* End PBXProject section */

/* Begin PBXResourcesBuildPhase section */
		FC49D2652A7A3B51001CE261 /* Resources */ = {
			isa = PBXResourcesBuildPhase;
			buildActionMask = 2147483647;
			files = (
				FC49D2772A7A3B52001CE261 /* LaunchScreen.storyboard in Resources */,
				FC49D28C2A7A4652001CE261 /* flower_tulip.usdz in Resources */,
				FC49D2842A7A45C0001CE261 /* pie_lemon_meringue.usdz in Resources */,
				FC49D2882A7A4616001CE261 /* fender_stratocaster.usdz in Resources */,
				FC49D2802A7A4510001CE261 /* toy_biplane_idle.usdz in Resources */,
				FC49D27E2A7A41F2001CE261 /* sneaker_pegasustrail.usdz in Resources */,
				FC49D2742A7A3B52001CE261 /* Assets.xcassets in Resources */,
				FC49D2722A7A3B51001CE261 /* Main.storyboard in Resources */,
				FC49D2862A7A45EF001CE261 /* tv_retro.usdz in Resources */,
				FC49D2822A7A4589001CE261 /* toy_drummer_idle.usdz in Resources */,
				FC49D28A2A7A4638001CE261 /* gramophone.usdz in Resources */,
			);
			runOnlyForDeploymentPostprocessing = 0;
		};
/* End PBXResourcesBuildPhase section */

/* Begin PBXSourcesBuildPhase section */
		FC49D2632A7A3B51001CE261 /* Sources */ = {
			isa = PBXSourcesBuildPhase;
			buildActionMask = 2147483647;
			files = (
				FC49D26D2A7A3B51001CE261 /* ViewController.swift in Sources */,
				FC49D26B2A7A3B51001CE261 /* AppDelegate.swift in Sources */,
			);
			runOnlyForDeploymentPostprocessing = 0;
		};
/* End PBXSourcesBuildPhase section */

/* Begin PBXVariantGroup section */
		FC49D2702A7A3B51001CE261 /* Main.storyboard */ = {
			isa = PBXVariantGroup;
			children = (
				FC49D2712A7A3B51001CE261 /* Base */,
			);
			name = Main.storyboard;
			sourceTree = "<group>";
		};
		FC49D2752A7A3B52001CE261 /* LaunchScreen.storyboard */ = {
			isa = PBXVariantGroup;
			children = (
				FC49D2762A7A3B52001CE261 /* Base */,
			);
			name = LaunchScreen.storyboard;
			sourceTree = "<group>";
		};
/* End PBXVariantGroup section */

/* Begin XCBuildConfiguration section */
		FC49D2782A7A3B52001CE261 /* Debug */ = {
			isa = XCBuildConfiguration;
			buildSettings = {
				ALWAYS_SEARCH_USER_PATHS = NO;
				CLANG_ANALYZER_NONNULL = YES;
				CLANG_ANALYZER_NUMBER_OBJECT_CONVERSION = YES_AGGRESSIVE;
				CLANG_CXX_LANGUAGE_STANDARD = "gnu++20";
				CLANG_ENABLE_MODULES = YES;
				CLANG_ENABLE_OBJC_ARC = YES;
				CLANG_ENABLE_OBJC_WEAK = YES;
				CLANG_WARN_BLOCK_CAPTURE_AUTORELEASING = YES;
				CLANG_WARN_BOOL_CONVERSION = YES;
				CLANG_WARN_COMMA = YES;
				CLANG_WARN_CONSTANT_CONVERSION = YES;
				CLANG_WARN_DEPRECATED_OBJC_IMPLEMENTATIONS = YES;
				CLANG_WARN_DIRECT_OBJC_ISA_USAGE = YES_ERROR;
				CLANG_WARN_DOCUMENTATION_COMMENTS = YES;
				CLANG_WARN_EMPTY_BODY = YES;
				CLANG_WARN_ENUM_CONVERSION = YES;
				CLANG_WARN_INFINITE_RECURSION = YES;
				CLANG_WARN_INT_CONVERSION = YES;
				CLANG_WARN_NON_LITERAL_NULL_CONVERSION = YES;
				CLANG_WARN_OBJC_IMPLICIT_RETAIN_SELF = YES;
				CLANG_WARN_OBJC_LITERAL_CONVERSION = YES;
				CLANG_WARN_OBJC_ROOT_CLASS = YES_ERROR;
				CLANG_WARN_QUOTED_INCLUDE_IN_FRAMEWORK_HEADER = YES;
				CLANG_WARN_RANGE_LOOP_ANALYSIS = YES;
				CLANG_WARN_STRICT_PROTOTYPES = YES;
				CLANG_WARN_SUSPICIOUS_MOVE = YES;
				CLANG_WARN_UNGUARDED_AVAILABILITY = YES_AGGRESSIVE;
				CLANG_WARN_UNREACHABLE_CODE = YES;
				CLANG_WARN__DUPLICATE_METHOD_MATCH = YES;
				COPY_PHASE_STRIP = NO;
				DEBUG_INFORMATION_FORMAT = dwarf;
				ENABLE_STRICT_OBJC_MSGSEND = YES;
				ENABLE_TESTABILITY = YES;
				GCC_C_LANGUAGE_STANDARD = gnu11;
				GCC_DYNAMIC_NO_PIC = NO;
				GCC_NO_COMMON_BLOCKS = YES;
				GCC_OPTIMIZATION_LEVEL = 0;
				GCC_PREPROCESSOR_DEFINITIONS = (
					"DEBUG=1",
					"$(inherited)",
				);
				GCC_WARN_64_TO_32_BIT_CONVERSION = YES;
				GCC_WARN_ABOUT_RETURN_TYPE = YES_ERROR;
				GCC_WARN_UNDECLARED_SELECTOR = YES;
				GCC_WARN_UNINITIALIZED_AUTOS = YES_AGGRESSIVE;
				GCC_WARN_UNUSED_FUNCTION = YES;
				GCC_WARN_UNUSED_VARIABLE = YES;
				IPHONEOS_DEPLOYMENT_TARGET = 16.4;
				MTL_ENABLE_DEBUG_INFO = INCLUDE_SOURCE;
				MTL_FAST_MATH = YES;
				ONLY_ACTIVE_ARCH = YES;
				SDKROOT = iphoneos;
				SWIFT_ACTIVE_COMPILATION_CONDITIONS = DEBUG;
				SWIFT_OPTIMIZATION_LEVEL = "-Onone";
			};
			name = Debug;
		};
		FC49D2792A7A3B52001CE261 /* Release */ = {
			isa = XCBuildConfiguration;
			buildSettings = {
				ALWAYS_SEARCH_USER_PATHS = NO;
				CLANG_ANALYZER_NONNULL = YES;
				CLANG_ANALYZER_NUMBER_OBJECT_CONVERSION = YES_AGGRESSIVE;
				CLANG_CXX_LANGUAGE_STANDARD = "gnu++20";
				CLANG_ENABLE_MODULES = YES;
				CLANG_ENABLE_OBJC_ARC = YES;
				CLANG_ENABLE_OBJC_WEAK = YES;
				CLANG_WARN_BLOCK_CAPTURE_AUTORELEASING = YES;
				CLANG_WARN_BOOL_CONVERSION = YES;
				CLANG_WARN_COMMA = YES;
				CLANG_WARN_CONSTANT_CONVERSION = YES;
				CLANG_WARN_DEPRECATED_OBJC_IMPLEMENTATIONS = YES;
				CLANG_WARN_DIRECT_OBJC_ISA_USAGE = YES_ERROR;
				CLANG_WARN_DOCUMENTATION_COMMENTS = YES;
				CLANG_WARN_EMPTY_BODY = YES;
				CLANG_WARN_ENUM_CONVERSION = YES;
				CLANG_WARN_INFINITE_RECURSION = YES;
				CLANG_WARN_INT_CONVERSION = YES;
				CLANG_WARN_NON_LITERAL_NULL_CONVERSION = YES;
				CLANG_WARN_OBJC_IMPLICIT_RETAIN_SELF = YES;
				CLANG_WARN_OBJC_LITERAL_CONVERSION = YES;
				CLANG_WARN_OBJC_ROOT_CLASS = YES_ERROR;
				CLANG_WARN_QUOTED_INCLUDE_IN_FRAMEWORK_HEADER = YES;
				CLANG_WARN_RANGE_LOOP_ANALYSIS = YES;
				CLANG_WARN_STRICT_PROTOTYPES = YES;
				CLANG_WARN_SUSPICIOUS_MOVE = YES;
				CLANG_WARN_UNGUARDED_AVAILABILITY = YES_AGGRESSIVE;
				CLANG_WARN_UNREACHABLE_CODE = YES;
				CLANG_WARN__DUPLICATE_METHOD_MATCH = YES;
				COPY_PHASE_STRIP = NO;
				DEBUG_INFORMATION_FORMAT = "dwarf-with-dsym";
				ENABLE_NS_ASSERTIONS = NO;
				ENABLE_STRICT_OBJC_MSGSEND = YES;
				GCC_C_LANGUAGE_STANDARD = gnu11;
				GCC_NO_COMMON_BLOCKS = YES;
				GCC_WARN_64_TO_32_BIT_CONVERSION = YES;
				GCC_WARN_ABOUT_RETURN_TYPE = YES_ERROR;
				GCC_WARN_UNDECLARED_SELECTOR = YES;
				GCC_WARN_UNINITIALIZED_AUTOS = YES_AGGRESSIVE;
				GCC_WARN_UNUSED_FUNCTION = YES;
				GCC_WARN_UNUSED_VARIABLE = YES;
				IPHONEOS_DEPLOYMENT_TARGET = 16.4;
				MTL_ENABLE_DEBUG_INFO = NO;
				MTL_FAST_MATH = YES;
				SDKROOT = iphoneos;
				SWIFT_COMPILATION_MODE = wholemodule;
				SWIFT_OPTIMIZATION_LEVEL = "-O";
				VALIDATE_PRODUCT = YES;
			};
			name = Release;
		};
		FC49D27B2A7A3B52001CE261 /* Debug */ = {
			isa = XCBuildConfiguration;
			buildSettings = {
				ASSETCATALOG_COMPILER_APPICON_NAME = AppIcon;
				ASSETCATALOG_COMPILER_GLOBAL_ACCENT_COLOR_NAME = AccentColor;
				CODE_SIGN_STYLE = Automatic;
				CURRENT_PROJECT_VERSION = 1;
				DEVELOPMENT_TEAM = X936JFD293;
				GENERATE_INFOPLIST_FILE = YES;
				INFOPLIST_KEY_NSCameraUsageDescription = "";
				INFOPLIST_KEY_UIApplicationSupportsIndirectInputEvents = YES;
				INFOPLIST_KEY_UILaunchStoryboardName = LaunchScreen;
				INFOPLIST_KEY_UIMainStoryboardFile = Main;
				INFOPLIST_KEY_UIRequiredDeviceCapabilities = arkit;
				INFOPLIST_KEY_UIStatusBarHidden = YES;
				INFOPLIST_KEY_UISupportedInterfaceOrientations_iPad = "UIInterfaceOrientationPortrait UIInterfaceOrientationPortraitUpsideDown UIInterfaceOrientationLandscapeLeft UIInterfaceOrientationLandscapeRight";
				INFOPLIST_KEY_UISupportedInterfaceOrientations_iPhone = "UIInterfaceOrientationPortrait UIInterfaceOrientationLandscapeLeft UIInterfaceOrientationLandscapeRight";
				LD_RUNPATH_SEARCH_PATHS = (
					"$(inherited)",
					"@executable_path/Frameworks",
				);
				MARKETING_VERSION = 1.0;
				PRODUCT_BUNDLE_IDENTIFIER = Michael.CardFlipGame;
				PRODUCT_NAME = "$(TARGET_NAME)";
				SWIFT_EMIT_LOC_STRINGS = YES;
				SWIFT_VERSION = 5.0;
				TARGETED_DEVICE_FAMILY = "1,2";
			};
			name = Debug;
		};
		FC49D27C2A7A3B52001CE261 /* Release */ = {
			isa = XCBuildConfiguration;
			buildSettings = {
				ASSETCATALOG_COMPILER_APPICON_NAME = AppIcon;
				ASSETCATALOG_COMPILER_GLOBAL_ACCENT_COLOR_NAME = AccentColor;
				CODE_SIGN_STYLE = Automatic;
				CURRENT_PROJECT_VERSION = 1;
				DEVELOPMENT_TEAM = X936JFD293;
				GENERATE_INFOPLIST_FILE = YES;
				INFOPLIST_KEY_NSCameraUsageDescription = "";
				INFOPLIST_KEY_UIApplicationSupportsIndirectInputEvents = YES;
				INFOPLIST_KEY_UILaunchStoryboardName = LaunchScreen;
				INFOPLIST_KEY_UIMainStoryboardFile = Main;
				INFOPLIST_KEY_UIRequiredDeviceCapabilities = arkit;
				INFOPLIST_KEY_UIStatusBarHidden = YES;
				INFOPLIST_KEY_UISupportedInterfaceOrientations_iPad = "UIInterfaceOrientationPortrait UIInterfaceOrientationPortraitUpsideDown UIInterfaceOrientationLandscapeLeft UIInterfaceOrientationLandscapeRight";
				INFOPLIST_KEY_UISupportedInterfaceOrientations_iPhone = "UIInterfaceOrientationPortrait UIInterfaceOrientationLandscapeLeft UIInterfaceOrientationLandscapeRight";
				LD_RUNPATH_SEARCH_PATHS = (
					"$(inherited)",
					"@executable_path/Frameworks",
				);
				MARKETING_VERSION = 1.0;
				PRODUCT_BUNDLE_IDENTIFIER = Michael.CardFlipGame;
				PRODUCT_NAME = "$(TARGET_NAME)";
				SWIFT_EMIT_LOC_STRINGS = YES;
				SWIFT_VERSION = 5.0;
				TARGETED_DEVICE_FAMILY = "1,2";
			};
			name = Release;
		};
/* End XCBuildConfiguration section */

/* Begin XCConfigurationList section */
		FC49D2622A7A3B51001CE261 /* Build configuration list for PBXProject "CardFlipGame" */ = {
			isa = XCConfigurationList;
			buildConfigurations = (
				FC49D2782A7A3B52001CE261 /* Debug */,
				FC49D2792A7A3B52001CE261 /* Release */,
			);
			defaultConfigurationIsVisible = 0;
			defaultConfigurationName = Release;
		};
		FC49D27A2A7A3B52001CE261 /* Build configuration list for PBXNativeTarget "CardFlipGame" */ = {
			isa = XCConfigurationList;
			buildConfigurations = (
				FC49D27B2A7A3B52001CE261 /* Debug */,
				FC49D27C2A7A3B52001CE261 /* Release */,
			);
			defaultConfigurationIsVisible = 0;
			defaultConfigurationName = Release;
		};
/* End XCConfigurationList section */
	};
	rootObject = FC49D25F2A7A3B51001CE261 /* Project object */;
}
